# This file is automatically @generated by Cargo.
# It is not intended for manual editing.
version = 3

[[package]]
name = "adservice"
version = "0.1.0"

[[package]]
name = "cartservice"
version = "0.1.0"

[[package]]
name = "checkoutservice"
version = "0.1.0"

[[package]]
name = "currencyservice"
version = "0.1.0"

[[package]]
name = "emailservice"
version = "0.1.0"

[[package]]
name = "frontend"
version = "0.1.0"

[[package]]
name = "paymentservice"
version = "0.1.0"

[[package]]
name = "productcatalogservice"
version = "0.1.0"

[[package]]
name = "recommendationservice"
version = "0.1.0"

[[package]]
name = "shippingservice"
version = "0.1.0"
